
Microsoft Visual Studio Solution File, Format Version 12.00
# Visual Studio Version 17
VisualStudioVersion = 17.5.002.0
MinimumVisualStudioVersion = 10.0.40219.1
Project("{9A19103F-16F7-4668-BE54-9A1E7A4F7556}") = "DesafioPOO", "DesafioPOO.csproj", "{E7C4D4B8-EE81-4B6F-9AA3-0598D0AE6850}"
EndProject
Global
	GlobalSection(SolutionConfigurationPlatforms) = preSolution
		Debug|Any CPU = Debug|Any CPU
		Release|Any CPU = Release|Any CPU
	EndGlobalSection
	GlobalSection(ProjectConfigurationPlatforms) = postSolution
		{E7C4D4B8-EE81-4B6F-9AA3-0598D0AE6850}.Debug|Any CPU.ActiveCfg = Debug|Any CPU
		{E7C4D4B8-EE81-4B6F-9AA3-0598D0AE6850}.Debug|Any CPU.Build.0 = Debug|Any CPU
		{E7C4D4B8-EE81-4B6F-9AA3-0598D0AE6850}.Release|Any CPU.ActiveCfg = Release|Any CPU
		{E7C4D4B8-EE81-4B6F-9AA3-0598D0AE6850}.Release|Any CPU.Build.0 = Release|Any CPU
	EndGlobalSection
	GlobalSection(SolutionProperties) = preSolution
		HideSolutionNode = FALSE
	EndGlobalSection
	GlobalSection(ExtensibilityGlobals) = postSolution
		SolutionGuid = {8EA5DFCB-4B39-4217-974A-24A61095A1B4}
	EndGlobalSection
EndGlobal
